
Microsoft Visual Studio Solution File, Format Version 12.00
# Visual Studio Version 17
VisualStudioVersion = 17.3.32825.248
MinimumVisualStudioVersion = 10.0.40219.1
Project("{9A19103F-16F7-4668-BE54-9A1E7A4F7556}") = "PO1_HospitalDatabase", "PO1_HospitalDatabase\PO1_HospitalDatabase.csproj", "{F68ADFA8-C82B-461C-AEA7-702EBF464557}"
EndProject
Project("{FAE04EC0-301F-11D3-BF4B-00C04F79EFBC}") = "P03_SalesDataBase", "P03_SalesDataBase\P03_SalesDataBase.csproj", "{CA08516F-CF14-4C0F-978C-D4022328FD5C}"
EndProject
Global
	GlobalSection(SolutionConfigurationPlatforms) = preSolution
		Debug|Any CPU = Debug|Any CPU
		Release|Any CPU = Release|Any CPU
	EndGlobalSection
	GlobalSection(ProjectConfigurationPlatforms) = postSolution
		{F68ADFA8-C82B-461C-AEA7-702EBF464557}.Debug|Any CPU.ActiveCfg = Debug|Any CPU
		{F68ADFA8-C82B-461C-AEA7-702EBF464557}.Debug|Any CPU.Build.0 = Debug|Any CPU
		{F68ADFA8-C82B-461C-AEA7-702EBF464557}.Release|Any CPU.ActiveCfg = Release|Any CPU
		{F68ADFA8-C82B-461C-AEA7-702EBF464557}.Release|Any CPU.Build.0 = Release|Any CPU
		{CA08516F-CF14-4C0F-978C-D4022328FD5C}.Debug|Any CPU.ActiveCfg = Debug|Any CPU
		{CA08516F-CF14-4C0F-978C-D4022328FD5C}.Debug|Any CPU.Build.0 = Debug|Any CPU
		{CA08516F-CF14-4C0F-978C-D4022328FD5C}.Release|Any CPU.ActiveCfg = Release|Any CPU
		{CA08516F-CF14-4C0F-978C-D4022328FD5C}.Release|Any CPU.Build.0 = Release|Any CPU
	EndGlobalSection
	GlobalSection(SolutionProperties) = preSolution
		HideSolutionNode = FALSE
	EndGlobalSection
	GlobalSection(ExtensibilityGlobals) = postSolution
		SolutionGuid = {EF959F08-83BB-4258-BC32-83DAD2E2FCE0}
	EndGlobalSection
EndGlobal
